# THIS IS AN AUTOGENERATED FILE. DO NOT EDIT THIS FILE DIRECTLY.
# yarn lockfile v1


quirkbot-arduino-builder@0.1.1:
  version "0.1.1"
  resolved "https://registry.yarnpkg.com/quirkbot-arduino-builder/-/quirkbot-arduino-builder-0.1.1.tgz#fc69e87ff7116136fb5db2478bdcb58825d21f37"
  integrity sha512-8uk+AbylMO3V2AuMjtsLbPieo/d/SHjHRAHkZUxUWYRCkB78h5Ww34a4JBQDRZqLGsfjXPYMN/f5aljK0msAdw==

quirkbot-arduino-hardware@0.4.11:
  version "0.4.11"
  resolved "https://registry.yarnpkg.com/quirkbot-arduino-hardware/-/quirkbot-arduino-hardware-0.4.11.tgz#6f6a816a13ebee9cdc3c1d022cf1f0c26ac308be"
  integrity sha512-3Ad4a0yDnLSxlrpiFGV8kGciv1bQtJDWTZt8D/V8zbJyRQOf1MaLDVR5cPHMHiZU1rAClqEz81ApJYfuICWcFA==

quirkbot-arduino-library@2.7.2:
  version "2.7.2"
  resolved "https://registry.yarnpkg.com/quirkbot-arduino-library/-/quirkbot-arduino-library-2.7.2.tgz#abe9202499d02097a8d8bd5f4ab1bf801f300037"
  integrity sha512-qch99xgahbHOUgedQmzhNYLGdzyu65qaO/zc5MdmTvG0nRFJMfFfmtyXCMuPsbTWBhVcBg0/MmmRRLQ1P0E8DQ==

quirkbot-avr-gcc@1.1.3:
  version "1.1.3"
  resolved "https://registry.yarnpkg.com/quirkbot-avr-gcc/-/quirkbot-avr-gcc-1.1.3.tgz#5499a08f8ec2775626b8fbedcf36615ea949cc7e"
  integrity sha512-5pzmMXjEbLoGrA/kYgSYaw5FsHnL7ENZwOOuLTb7IZnOQ3aiKluOyzAikp+pZG9RDxL8JPnAum2lvUom7cEP1w==
