# THIS IS AN AUTOGENERATED FILE. DO NOT EDIT THIS FILE DIRECTLY.
# yarn lockfile v1


quirkbot-arduino-builder@0.0.5:
  version "0.0.5"
  resolved "https://registry.yarnpkg.com/quirkbot-arduino-builder/-/quirkbot-arduino-builder-0.0.5.tgz#3a1d26413e0698e3d5923382dcbcbe2bf4aa0d78"
  integrity sha512-jkdNgFAqU1RYqmzfhKEKN4hWBfcZTtBYo4Ta7lCcxzbsvkzNPIi5B46+dk4Ll0kS8X5viRyYINlEO2yNk2+xRA==

quirkbot-arduino-hardware@0.4.11:
  version "0.4.11"
  resolved "https://registry.yarnpkg.com/quirkbot-arduino-hardware/-/quirkbot-arduino-hardware-0.4.11.tgz#6f6a816a13ebee9cdc3c1d022cf1f0c26ac308be"
  integrity sha512-3Ad4a0yDnLSxlrpiFGV8kGciv1bQtJDWTZt8D/V8zbJyRQOf1MaLDVR5cPHMHiZU1rAClqEz81ApJYfuICWcFA==

quirkbot-arduino-library@2.7.2:
  version "2.7.2"
  resolved "https://registry.yarnpkg.com/quirkbot-arduino-library/-/quirkbot-arduino-library-2.7.2.tgz#abe9202499d02097a8d8bd5f4ab1bf801f300037"
  integrity sha512-qch99xgahbHOUgedQmzhNYLGdzyu65qaO/zc5MdmTvG0nRFJMfFfmtyXCMuPsbTWBhVcBg0/MmmRRLQ1P0E8DQ==

quirkbot-avr-gcc@1.0.1:
  version "1.0.1"
  resolved "https://registry.yarnpkg.com/quirkbot-avr-gcc/-/quirkbot-avr-gcc-1.0.1.tgz#27bcc963a2d1ae49e25f7ffff962170aae12687b"
  integrity sha512-9oxOjg6U2xQnzpXlkBNXjfaqppmoYLB090vfcHWA/CMVHCERW5+wl+RbkNKLLFNNT2FDoMtjfII8Sr+cJMmJEg==
